
Microsoft Visual Studio Solution File, Format Version 12.00
# Visual Studio 15
VisualStudioVersion = 15.0.26430.12
MinimumVisualStudioVersion = 10.0.40219.1
Project("{FAE04EC0-301F-11D3-BF4B-00C04F79EFBC}") = "Day1", "Day1\Day1.csproj", "{75F76208-D40D-42A2-90DF-908FF00C08EB}"
EndProject
Project("{FAE04EC0-301F-11D3-BF4B-00C04F79EFBC}") = "Day4", "Day4\Day4.csproj", "{4EEC342B-EA73-476C-9AEF-12FD06AF64E6}"
EndProject
Project("{FAE04EC0-301F-11D3-BF4B-00C04F79EFBC}") = "Day5", "Day5\Day5.csproj", "{6DC1F7BB-D3B1-48E0-9C30-A5B8E378F4C6}"
EndProject
Project("{FAE04EC0-301F-11D3-BF4B-00C04F79EFBC}") = "Day6", "Day6\Day6.csproj", "{88A659B7-1DEE-4766-907C-5379DA93878E}"
EndProject
Project("{FAE04EC0-301F-11D3-BF4B-00C04F79EFBC}") = "Day7", "Day7\Day7.csproj", "{AC198206-D9F9-46B2-A3F1-4AFAB3093191}"
EndProject
Project("{FAE04EC0-301F-11D3-BF4B-00C04F79EFBC}") = "Day8", "Day8\Day8.csproj", "{AADFF0DC-0A17-4DA0-B329-5F24DB02D354}"
EndProject
Project("{FAE04EC0-301F-11D3-BF4B-00C04F79EFBC}") = "Day9", "Day9\Day9.csproj", "{0CF68A3F-7B42-4BDB-8F0F-AC3C5E01DEDD}"
EndProject
Project("{FAE04EC0-301F-11D3-BF4B-00C04F79EFBC}") = "Day10", "Day10\Day10.csproj", "{9ED5EE0D-8578-43F5-B6ED-D13980E8D01A}"
EndProject
Project("{FAE04EC0-301F-11D3-BF4B-00C04F79EFBC}") = "Day11", "Day11\Day11.csproj", "{247D897E-2BF4-433F-AD2D-DF6B65B9A46B}"
EndProject
Project("{FAE04EC0-301F-11D3-BF4B-00C04F79EFBC}") = "Day12", "Day12\Day12.csproj", "{C9899E6C-D375-4440-A2EB-3D59A8D65295}"
EndProject
Project("{FAE04EC0-301F-11D3-BF4B-00C04F79EFBC}") = "Day13", "Day13\Day13.csproj", "{595C9EA9-1838-452C-9968-997438C6C9EB}"
EndProject
Project("{FAE04EC0-301F-11D3-BF4B-00C04F79EFBC}") = "Day14", "Day14\Day14.csproj", "{BE4B1413-537D-4A7E-A8DB-163D1B651857}"
EndProject
Project("{FAE04EC0-301F-11D3-BF4B-00C04F79EFBC}") = "KnotHashing", "KnotHash\KnotHashing.csproj", "{58546ECD-8728-4ED1-963C-8C8FF0998C1B}"
EndProject
Project("{FAE04EC0-301F-11D3-BF4B-00C04F79EFBC}") = "Day15", "Day15\Day15.csproj", "{7C40B6B7-4CB4-4011-BFC1-2788E9A03201}"
EndProject
Project("{FAE04EC0-301F-11D3-BF4B-00C04F79EFBC}") = "Day16", "Day16\Day16.csproj", "{CE03D131-E42B-4713-BD7A-3993AC19106B}"
EndProject
Project("{FAE04EC0-301F-11D3-BF4B-00C04F79EFBC}") = "Day17", "Day17\Day17.csproj", "{A9FE0D61-D174-4D7C-A917-E1B6471DEF3B}"
EndProject
Project("{FAE04EC0-301F-11D3-BF4B-00C04F79EFBC}") = "Day18", "Day18\Day18.csproj", "{DA353C68-FED5-4A67-AFDA-BF90AF57C286}"
EndProject
Project("{FAE04EC0-301F-11D3-BF4B-00C04F79EFBC}") = "Day19", "Day19\Day19.csproj", "{A8C32721-B8E3-45E7-AD4E-8E2F83F688A1}"
EndProject
Project("{FAE04EC0-301F-11D3-BF4B-00C04F79EFBC}") = "Day20", "Day20\Day20.csproj", "{7706AF4D-25D6-40DF-A561-A292FB9561F9}"
EndProject
Global
	GlobalSection(SolutionConfigurationPlatforms) = preSolution
		Debug|Any CPU = Debug|Any CPU
		Debug|x86 = Debug|x86
		Release|Any CPU = Release|Any CPU
		Release|x86 = Release|x86
	EndGlobalSection
	GlobalSection(ProjectConfigurationPlatforms) = postSolution
		{75F76208-D40D-42A2-90DF-908FF00C08EB}.Debug|Any CPU.ActiveCfg = Debug|x86
		{75F76208-D40D-42A2-90DF-908FF00C08EB}.Debug|x86.ActiveCfg = Debug|x86
		{75F76208-D40D-42A2-90DF-908FF00C08EB}.Debug|x86.Build.0 = Debug|x86
		{75F76208-D40D-42A2-90DF-908FF00C08EB}.Release|Any CPU.ActiveCfg = Release|x86
		{75F76208-D40D-42A2-90DF-908FF00C08EB}.Release|x86.ActiveCfg = Release|x86
		{75F76208-D40D-42A2-90DF-908FF00C08EB}.Release|x86.Build.0 = Release|x86
		{4EEC342B-EA73-476C-9AEF-12FD06AF64E6}.Debug|Any CPU.ActiveCfg = Debug|x86
		{4EEC342B-EA73-476C-9AEF-12FD06AF64E6}.Debug|x86.ActiveCfg = Debug|x86
		{4EEC342B-EA73-476C-9AEF-12FD06AF64E6}.Debug|x86.Build.0 = Debug|x86
		{4EEC342B-EA73-476C-9AEF-12FD06AF64E6}.Release|Any CPU.ActiveCfg = Release|x86
		{4EEC342B-EA73-476C-9AEF-12FD06AF64E6}.Release|x86.ActiveCfg = Release|x86
		{4EEC342B-EA73-476C-9AEF-12FD06AF64E6}.Release|x86.Build.0 = Release|x86
		{6DC1F7BB-D3B1-48E0-9C30-A5B8E378F4C6}.Debug|Any CPU.ActiveCfg = Debug|x86
		{6DC1F7BB-D3B1-48E0-9C30-A5B8E378F4C6}.Debug|x86.ActiveCfg = Debug|x86
		{6DC1F7BB-D3B1-48E0-9C30-A5B8E378F4C6}.Debug|x86.Build.0 = Debug|x86
		{6DC1F7BB-D3B1-48E0-9C30-A5B8E378F4C6}.Release|Any CPU.ActiveCfg = Release|x86
		{6DC1F7BB-D3B1-48E0-9C30-A5B8E378F4C6}.Release|x86.ActiveCfg = Release|x86
		{6DC1F7BB-D3B1-48E0-9C30-A5B8E378F4C6}.Release|x86.Build.0 = Release|x86
		{88A659B7-1DEE-4766-907C-5379DA93878E}.Debug|Any CPU.ActiveCfg = Debug|x86
		{88A659B7-1DEE-4766-907C-5379DA93878E}.Debug|x86.ActiveCfg = Debug|x86
		{88A659B7-1DEE-4766-907C-5379DA93878E}.Debug|x86.Build.0 = Debug|x86
		{88A659B7-1DEE-4766-907C-5379DA93878E}.Release|Any CPU.ActiveCfg = Release|x86
		{88A659B7-1DEE-4766-907C-5379DA93878E}.Release|x86.ActiveCfg = Release|x86
		{88A659B7-1DEE-4766-907C-5379DA93878E}.Release|x86.Build.0 = Release|x86
		{AC198206-D9F9-46B2-A3F1-4AFAB3093191}.Debug|Any CPU.ActiveCfg = Debug|x86
		{AC198206-D9F9-46B2-A3F1-4AFAB3093191}.Debug|x86.ActiveCfg = Debug|x86
		{AC198206-D9F9-46B2-A3F1-4AFAB3093191}.Debug|x86.Build.0 = Debug|x86
		{AC198206-D9F9-46B2-A3F1-4AFAB3093191}.Release|Any CPU.ActiveCfg = Release|x86
		{AC198206-D9F9-46B2-A3F1-4AFAB3093191}.Release|x86.ActiveCfg = Release|x86
		{AC198206-D9F9-46B2-A3F1-4AFAB3093191}.Release|x86.Build.0 = Release|x86
		{AADFF0DC-0A17-4DA0-B329-5F24DB02D354}.Debug|Any CPU.ActiveCfg = Debug|x86
		{AADFF0DC-0A17-4DA0-B329-5F24DB02D354}.Debug|x86.ActiveCfg = Debug|x86
		{AADFF0DC-0A17-4DA0-B329-5F24DB02D354}.Debug|x86.Build.0 = Debug|x86
		{AADFF0DC-0A17-4DA0-B329-5F24DB02D354}.Release|Any CPU.ActiveCfg = Release|x86
		{AADFF0DC-0A17-4DA0-B329-5F24DB02D354}.Release|x86.ActiveCfg = Release|x86
		{AADFF0DC-0A17-4DA0-B329-5F24DB02D354}.Release|x86.Build.0 = Release|x86
		{0CF68A3F-7B42-4BDB-8F0F-AC3C5E01DEDD}.Debug|Any CPU.ActiveCfg = Debug|Any CPU
		{0CF68A3F-7B42-4BDB-8F0F-AC3C5E01DEDD}.Debug|Any CPU.Build.0 = Debug|Any CPU
		{0CF68A3F-7B42-4BDB-8F0F-AC3C5E01DEDD}.Debug|x86.ActiveCfg = Debug|Any CPU
		{0CF68A3F-7B42-4BDB-8F0F-AC3C5E01DEDD}.Debug|x86.Build.0 = Debug|Any CPU
		{0CF68A3F-7B42-4BDB-8F0F-AC3C5E01DEDD}.Release|Any CPU.ActiveCfg = Release|Any CPU
		{0CF68A3F-7B42-4BDB-8F0F-AC3C5E01DEDD}.Release|Any CPU.Build.0 = Release|Any CPU
		{0CF68A3F-7B42-4BDB-8F0F-AC3C5E01DEDD}.Release|x86.ActiveCfg = Release|Any CPU
		{0CF68A3F-7B42-4BDB-8F0F-AC3C5E01DEDD}.Release|x86.Build.0 = Release|Any CPU
		{9ED5EE0D-8578-43F5-B6ED-D13980E8D01A}.Debug|Any CPU.ActiveCfg = Debug|Any CPU
		{9ED5EE0D-8578-43F5-B6ED-D13980E8D01A}.Debug|Any CPU.Build.0 = Debug|Any CPU
		{9ED5EE0D-8578-43F5-B6ED-D13980E8D01A}.Debug|x86.ActiveCfg = Debug|Any CPU
		{9ED5EE0D-8578-43F5-B6ED-D13980E8D01A}.Debug|x86.Build.0 = Debug|Any CPU
		{9ED5EE0D-8578-43F5-B6ED-D13980E8D01A}.Release|Any CPU.ActiveCfg = Release|Any CPU
		{9ED5EE0D-8578-43F5-B6ED-D13980E8D01A}.Release|Any CPU.Build.0 = Release|Any CPU
		{9ED5EE0D-8578-43F5-B6ED-D13980E8D01A}.Release|x86.ActiveCfg = Release|Any CPU
		{9ED5EE0D-8578-43F5-B6ED-D13980E8D01A}.Release|x86.Build.0 = Release|Any CPU
		{247D897E-2BF4-433F-AD2D-DF6B65B9A46B}.Debug|Any CPU.ActiveCfg = Debug|x86
		{247D897E-2BF4-433F-AD2D-DF6B65B9A46B}.Debug|x86.ActiveCfg = Debug|x86
		{247D897E-2BF4-433F-AD2D-DF6B65B9A46B}.Debug|x86.Build.0 = Debug|x86
		{247D897E-2BF4-433F-AD2D-DF6B65B9A46B}.Release|Any CPU.ActiveCfg = Release|x86
		{247D897E-2BF4-433F-AD2D-DF6B65B9A46B}.Release|x86.ActiveCfg = Release|x86
		{247D897E-2BF4-433F-AD2D-DF6B65B9A46B}.Release|x86.Build.0 = Release|x86
		{C9899E6C-D375-4440-A2EB-3D59A8D65295}.Debug|Any CPU.ActiveCfg = Debug|x86
		{C9899E6C-D375-4440-A2EB-3D59A8D65295}.Debug|x86.ActiveCfg = Debug|x86
		{C9899E6C-D375-4440-A2EB-3D59A8D65295}.Debug|x86.Build.0 = Debug|x86
		{C9899E6C-D375-4440-A2EB-3D59A8D65295}.Release|Any CPU.ActiveCfg = Release|x86
		{C9899E6C-D375-4440-A2EB-3D59A8D65295}.Release|x86.ActiveCfg = Release|x86
		{C9899E6C-D375-4440-A2EB-3D59A8D65295}.Release|x86.Build.0 = Release|x86
		{595C9EA9-1838-452C-9968-997438C6C9EB}.Debug|Any CPU.ActiveCfg = Debug|x86
		{595C9EA9-1838-452C-9968-997438C6C9EB}.Debug|x86.ActiveCfg = Debug|x86
		{595C9EA9-1838-452C-9968-997438C6C9EB}.Debug|x86.Build.0 = Debug|x86
		{595C9EA9-1838-452C-9968-997438C6C9EB}.Release|Any CPU.ActiveCfg = Release|x86
		{595C9EA9-1838-452C-9968-997438C6C9EB}.Release|x86.ActiveCfg = Release|x86
		{595C9EA9-1838-452C-9968-997438C6C9EB}.Release|x86.Build.0 = Release|x86
		{BE4B1413-537D-4A7E-A8DB-163D1B651857}.Debug|Any CPU.ActiveCfg = Debug|Any CPU
		{BE4B1413-537D-4A7E-A8DB-163D1B651857}.Debug|Any CPU.Build.0 = Debug|Any CPU
		{BE4B1413-537D-4A7E-A8DB-163D1B651857}.Debug|x86.ActiveCfg = Debug|Any CPU
		{BE4B1413-537D-4A7E-A8DB-163D1B651857}.Debug|x86.Build.0 = Debug|Any CPU
		{BE4B1413-537D-4A7E-A8DB-163D1B651857}.Release|Any CPU.ActiveCfg = Release|Any CPU
		{BE4B1413-537D-4A7E-A8DB-163D1B651857}.Release|Any CPU.Build.0 = Release|Any CPU
		{BE4B1413-537D-4A7E-A8DB-163D1B651857}.Release|x86.ActiveCfg = Release|Any CPU
		{BE4B1413-537D-4A7E-A8DB-163D1B651857}.Release|x86.Build.0 = Release|Any CPU
		{58546ECD-8728-4ED1-963C-8C8FF0998C1B}.Debug|Any CPU.ActiveCfg = Debug|Any CPU
		{58546ECD-8728-4ED1-963C-8C8FF0998C1B}.Debug|Any CPU.Build.0 = Debug|Any CPU
		{58546ECD-8728-4ED1-963C-8C8FF0998C1B}.Debug|x86.ActiveCfg = Debug|Any CPU
		{58546ECD-8728-4ED1-963C-8C8FF0998C1B}.Debug|x86.Build.0 = Debug|Any CPU
		{58546ECD-8728-4ED1-963C-8C8FF0998C1B}.Release|Any CPU.ActiveCfg = Release|Any CPU
		{58546ECD-8728-4ED1-963C-8C8FF0998C1B}.Release|Any CPU.Build.0 = Release|Any CPU
		{58546ECD-8728-4ED1-963C-8C8FF0998C1B}.Release|x86.ActiveCfg = Release|Any CPU
		{58546ECD-8728-4ED1-963C-8C8FF0998C1B}.Release|x86.Build.0 = Release|Any CPU
		{7C40B6B7-4CB4-4011-BFC1-2788E9A03201}.Debug|Any CPU.ActiveCfg = Debug|Any CPU
		{7C40B6B7-4CB4-4011-BFC1-2788E9A03201}.Debug|Any CPU.Build.0 = Debug|Any CPU
		{7C40B6B7-4CB4-4011-BFC1-2788E9A03201}.Debug|x86.ActiveCfg = Debug|Any CPU
		{7C40B6B7-4CB4-4011-BFC1-2788E9A03201}.Debug|x86.Build.0 = Debug|Any CPU
		{7C40B6B7-4CB4-4011-BFC1-2788E9A03201}.Release|Any CPU.ActiveCfg = Release|Any CPU
		{7C40B6B7-4CB4-4011-BFC1-2788E9A03201}.Release|Any CPU.Build.0 = Release|Any CPU
		{7C40B6B7-4CB4-4011-BFC1-2788E9A03201}.Release|x86.ActiveCfg = Release|Any CPU
		{7C40B6B7-4CB4-4011-BFC1-2788E9A03201}.Release|x86.Build.0 = Release|Any CPU
		{CE03D131-E42B-4713-BD7A-3993AC19106B}.Debug|Any CPU.ActiveCfg = Debug|Any CPU
		{CE03D131-E42B-4713-BD7A-3993AC19106B}.Debug|Any CPU.Build.0 = Debug|Any CPU
		{CE03D131-E42B-4713-BD7A-3993AC19106B}.Debug|x86.ActiveCfg = Debug|Any CPU
		{CE03D131-E42B-4713-BD7A-3993AC19106B}.Debug|x86.Build.0 = Debug|Any CPU
		{CE03D131-E42B-4713-BD7A-3993AC19106B}.Release|Any CPU.ActiveCfg = Release|Any CPU
		{CE03D131-E42B-4713-BD7A-3993AC19106B}.Release|Any CPU.Build.0 = Release|Any CPU
		{CE03D131-E42B-4713-BD7A-3993AC19106B}.Release|x86.ActiveCfg = Release|Any CPU
		{CE03D131-E42B-4713-BD7A-3993AC19106B}.Release|x86.Build.0 = Release|Any CPU
		{A9FE0D61-D174-4D7C-A917-E1B6471DEF3B}.Debug|Any CPU.ActiveCfg = Debug|Any CPU
		{A9FE0D61-D174-4D7C-A917-E1B6471DEF3B}.Debug|Any CPU.Build.0 = Debug|Any CPU
		{A9FE0D61-D174-4D7C-A917-E1B6471DEF3B}.Debug|x86.ActiveCfg = Debug|Any CPU
		{A9FE0D61-D174-4D7C-A917-E1B6471DEF3B}.Debug|x86.Build.0 = Debug|Any CPU
		{A9FE0D61-D174-4D7C-A917-E1B6471DEF3B}.Release|Any CPU.ActiveCfg = Release|Any CPU
		{A9FE0D61-D174-4D7C-A917-E1B6471DEF3B}.Release|Any CPU.Build.0 = Release|Any CPU
		{A9FE0D61-D174-4D7C-A917-E1B6471DEF3B}.Release|x86.ActiveCfg = Release|Any CPU
		{A9FE0D61-D174-4D7C-A917-E1B6471DEF3B}.Release|x86.Build.0 = Release|Any CPU
		{DA353C68-FED5-4A67-AFDA-BF90AF57C286}.Debug|Any CPU.ActiveCfg = Debug|Any CPU
		{DA353C68-FED5-4A67-AFDA-BF90AF57C286}.Debug|Any CPU.Build.0 = Debug|Any CPU
		{DA353C68-FED5-4A67-AFDA-BF90AF57C286}.Debug|x86.ActiveCfg = Debug|Any CPU
		{DA353C68-FED5-4A67-AFDA-BF90AF57C286}.Debug|x86.Build.0 = Debug|Any CPU
		{DA353C68-FED5-4A67-AFDA-BF90AF57C286}.Release|Any CPU.ActiveCfg = Release|Any CPU
		{DA353C68-FED5-4A67-AFDA-BF90AF57C286}.Release|Any CPU.Build.0 = Release|Any CPU
		{DA353C68-FED5-4A67-AFDA-BF90AF57C286}.Release|x86.ActiveCfg = Release|Any CPU
		{DA353C68-FED5-4A67-AFDA-BF90AF57C286}.Release|x86.Build.0 = Release|Any CPU
		{A8C32721-B8E3-45E7-AD4E-8E2F83F688A1}.Debug|Any CPU.ActiveCfg = Debug|Any CPU
		{A8C32721-B8E3-45E7-AD4E-8E2F83F688A1}.Debug|Any CPU.Build.0 = Debug|Any CPU
		{A8C32721-B8E3-45E7-AD4E-8E2F83F688A1}.Debug|x86.ActiveCfg = Debug|Any CPU
		{A8C32721-B8E3-45E7-AD4E-8E2F83F688A1}.Debug|x86.Build.0 = Debug|Any CPU
		{A8C32721-B8E3-45E7-AD4E-8E2F83F688A1}.Release|Any CPU.ActiveCfg = Release|Any CPU
		{A8C32721-B8E3-45E7-AD4E-8E2F83F688A1}.Release|Any CPU.Build.0 = Release|Any CPU
		{A8C32721-B8E3-45E7-AD4E-8E2F83F688A1}.Release|x86.ActiveCfg = Release|Any CPU
		{A8C32721-B8E3-45E7-AD4E-8E2F83F688A1}.Release|x86.Build.0 = Release|Any CPU
		{7706AF4D-25D6-40DF-A561-A292FB9561F9}.Debug|Any CPU.ActiveCfg = Debug|Any CPU
		{7706AF4D-25D6-40DF-A561-A292FB9561F9}.Debug|Any CPU.Build.0 = Debug|Any CPU
		{7706AF4D-25D6-40DF-A561-A292FB9561F9}.Debug|x86.ActiveCfg = Debug|Any CPU
		{7706AF4D-25D6-40DF-A561-A292FB9561F9}.Debug|x86.Build.0 = Debug|Any CPU
		{7706AF4D-25D6-40DF-A561-A292FB9561F9}.Release|Any CPU.ActiveCfg = Release|Any CPU
		{7706AF4D-25D6-40DF-A561-A292FB9561F9}.Release|Any CPU.Build.0 = Release|Any CPU
		{7706AF4D-25D6-40DF-A561-A292FB9561F9}.Release|x86.ActiveCfg = Release|Any CPU
		{7706AF4D-25D6-40DF-A561-A292FB9561F9}.Release|x86.Build.0 = Release|Any CPU
	EndGlobalSection
	GlobalSection(SolutionProperties) = preSolution
		HideSolutionNode = FALSE
	EndGlobalSection
	GlobalSection(ExtensibilityGlobals) = postSolution
		SolutionGuid = {B94DE8D7-6E95-4760-9FE9-7E436392FE3F}
	EndGlobalSection
EndGlobal
